
Microsoft Visual Studio Solution File, Format Version 12.00
# Visual Studio Version 17
VisualStudioVersion = 17.13.35828.75
MinimumVisualStudioVersion = 10.0.40219.1
Project("{FAE04EC0-301F-11D3-BF4B-00C04F79EFBC}") = "Fenix2GSX", "Fenix2GSX\Fenix2GSX.csproj", "{F540953A-20B6-463E-B219-C3FC94827415}"
EndProject
Project("{FAE04EC0-301F-11D3-BF4B-00C04F79EFBC}") = "Installer", "Installer\Installer.csproj", "{3B7EEEA0-4233-47AD-8F2A-95B612834BF1}"
	ProjectSection(ProjectDependencies) = postProject
		{F540953A-20B6-463E-B219-C3FC94827415} = {F540953A-20B6-463E-B219-C3FC94827415}
	EndProjectSection
EndProject
Global
	GlobalSection(SolutionConfigurationPlatforms) = preSolution
		Debug|Any CPU = Debug|Any CPU
		Release|Any CPU = Release|Any CPU
	EndGlobalSection
	GlobalSection(ProjectConfigurationPlatforms) = postSolution
		{F540953A-20B6-463E-B219-C3FC94827415}.Debug|Any CPU.ActiveCfg = Debug|Any CPU
		{F540953A-20B6-463E-B219-C3FC94827415}.Debug|Any CPU.Build.0 = Debug|Any CPU
		{F540953A-20B6-463E-B219-C3FC94827415}.Release|Any CPU.ActiveCfg = Release|Any CPU
		{F540953A-20B6-463E-B219-C3FC94827415}.Release|Any CPU.Build.0 = Release|Any CPU
		{3B7EEEA0-4233-47AD-8F2A-95B612834BF1}.Debug|Any CPU.ActiveCfg = Debug|Any CPU
		{3B7EEEA0-4233-47AD-8F2A-95B612834BF1}.Debug|Any CPU.Build.0 = Debug|Any CPU
		{3B7EEEA0-4233-47AD-8F2A-95B612834BF1}.Release|Any CPU.ActiveCfg = Release|Any CPU
		{3B7EEEA0-4233-47AD-8F2A-95B612834BF1}.Release|Any CPU.Build.0 = Release|Any CPU
	EndGlobalSection
	GlobalSection(SolutionProperties) = preSolution
		HideSolutionNode = FALSE
	EndGlobalSection
	GlobalSection(ExtensibilityGlobals) = postSolution
		SolutionGuid = {B4A9771E-1A68-486B-BB8C-78EE1C1DF42F}
	EndGlobalSection
EndGlobal
